
Microsoft Visual Studio Solution File, Format Version 12.00
# Visual Studio Version 17
VisualStudioVersion = 17.6.33706.43
MinimumVisualStudioVersion = 10.0.40219.1
Project("{FAE04EC0-301F-11D3-BF4B-00C04F79EFBC}") = "ClassLibrary2", "ClassLibrary2\ClassLibrary2.csproj", "{8C32B935-9858-4385-B9FC-A6BF93BB9E7A}"
EndProject
Project("{FAE04EC0-301F-11D3-BF4B-00C04F79EFBC}") = "UnitTestProject1", "UnitTestProject1\UnitTestProject1.csproj", "{EA22A1BA-EC31-46D4-A905-90CD8F4A6E01}"
EndProject
Global
	GlobalSection(SolutionConfigurationPlatforms) = preSolution
		Debug|Any CPU = Debug|Any CPU
		Release|Any CPU = Release|Any CPU
	EndGlobalSection
	GlobalSection(ProjectConfigurationPlatforms) = postSolution
		{8C32B935-9858-4385-B9FC-A6BF93BB9E7A}.Debug|Any CPU.ActiveCfg = Debug|Any CPU
		{8C32B935-9858-4385-B9FC-A6BF93BB9E7A}.Debug|Any CPU.Build.0 = Debug|Any CPU
		{8C32B935-9858-4385-B9FC-A6BF93BB9E7A}.Release|Any CPU.ActiveCfg = Release|Any CPU
		{8C32B935-9858-4385-B9FC-A6BF93BB9E7A}.Release|Any CPU.Build.0 = Release|Any CPU
		{EA22A1BA-EC31-46D4-A905-90CD8F4A6E01}.Debug|Any CPU.ActiveCfg = Debug|Any CPU
		{EA22A1BA-EC31-46D4-A905-90CD8F4A6E01}.Debug|Any CPU.Build.0 = Debug|Any CPU
		{EA22A1BA-EC31-46D4-A905-90CD8F4A6E01}.Release|Any CPU.ActiveCfg = Release|Any CPU
		{EA22A1BA-EC31-46D4-A905-90CD8F4A6E01}.Release|Any CPU.Build.0 = Release|Any CPU
	EndGlobalSection
	GlobalSection(SolutionProperties) = preSolution
		HideSolutionNode = FALSE
	EndGlobalSection
	GlobalSection(ExtensibilityGlobals) = postSolution
		SolutionGuid = {93D09CDE-B852-41AE-87E3-EAC3E9C77A6D}
	EndGlobalSection
EndGlobal
